
Microsoft Visual Studio Solution File, Format Version 12.00
# Visual Studio Version 17
VisualStudioVersion = 17.8.34330.188
MinimumVisualStudioVersion = 10.0.40219.1
Project("{FAE04EC0-301F-11D3-BF4B-00C04F79EFBC}") = "ToDo_NETCore_Angular", "ToDo_NETCore_Angular\ToDo_NETCore_Angular.csproj", "{0FD2B1D5-FA1B-4C2A-8B4D-38DE2F0908FC}"
EndProject
Global
	GlobalSection(SolutionConfigurationPlatforms) = preSolution
		Debug|Any CPU = Debug|Any CPU
		Release|Any CPU = Release|Any CPU
	EndGlobalSection
	GlobalSection(ProjectConfigurationPlatforms) = postSolution
		{0FD2B1D5-FA1B-4C2A-8B4D-38DE2F0908FC}.Debug|Any CPU.ActiveCfg = Debug|Any CPU
		{0FD2B1D5-FA1B-4C2A-8B4D-38DE2F0908FC}.Debug|Any CPU.Build.0 = Debug|Any CPU
		{0FD2B1D5-FA1B-4C2A-8B4D-38DE2F0908FC}.Release|Any CPU.ActiveCfg = Release|Any CPU
		{0FD2B1D5-FA1B-4C2A-8B4D-38DE2F0908FC}.Release|Any CPU.Build.0 = Release|Any CPU
	EndGlobalSection
	GlobalSection(SolutionProperties) = preSolution
		HideSolutionNode = FALSE
	EndGlobalSection
	GlobalSection(ExtensibilityGlobals) = postSolution
		SolutionGuid = {2C5DBA9D-A8A4-4C97-9799-1971DED6D5D0}
	EndGlobalSection
EndGlobal
